
Microsoft Visual Studio Solution File, Format Version 12.00
# Visual Studio Version 16
VisualStudioVersion = 16.0.32602.291
MinimumVisualStudioVersion = 10.0.40219.1
Project("{FAE04EC0-301F-11D3-BF4B-00C04F79EFBC}") = "FantasticFour", "FantasticFour.csproj", "{AA282A1B-4067-4DEA-A6E9-C6178C004E85}"
EndProject
Global
	GlobalSection(SolutionConfigurationPlatforms) = preSolution
		Debug|Any CPU = Debug|Any CPU
		Release|Any CPU = Release|Any CPU
	EndGlobalSection
	GlobalSection(ProjectConfigurationPlatforms) = postSolution
		{AA282A1B-4067-4DEA-A6E9-C6178C004E85}.Debug|Any CPU.ActiveCfg = Debug|Any CPU
		{AA282A1B-4067-4DEA-A6E9-C6178C004E85}.Debug|Any CPU.Build.0 = Debug|Any CPU
		{AA282A1B-4067-4DEA-A6E9-C6178C004E85}.Release|Any CPU.ActiveCfg = Release|Any CPU
		{AA282A1B-4067-4DEA-A6E9-C6178C004E85}.Release|Any CPU.Build.0 = Release|Any CPU
	EndGlobalSection
	GlobalSection(SolutionProperties) = preSolution
		HideSolutionNode = FALSE
	EndGlobalSection
	GlobalSection(ExtensibilityGlobals) = postSolution
		SolutionGuid = {D9D50E2A-650F-4A7C-9CA3-76F51901520A}
	EndGlobalSection
EndGlobal
